Microsoft Visual Studio Solution File, Format Version 11.00
# Visual Studio 2008

Project("{56F361E0-5DAB-7530-7EBB-C35895DF7AA6}") = "QuickJammers", "Assembly-CSharp.csproj", "{E46536C0-FCAD-0ACA-C191-875DCE943B77}"
EndProject
Project("{56F361E0-5DAB-7530-7EBB-C35895DF7AA6}") = "QuickJammers", "Assembly-UnityScript-firstpass.unityproj", "{807E732E-18AC-EC83-C63B-FF61313D899F}"
EndProject
Global
	GlobalSection(SolutionConfigurationPlatforms) = preSolution
		Debug|Any CPU = Debug|Any CPU
		Release|Any CPU = Release|Any CPU
	EndGlobalSection
	GlobalSection(ProjectConfigurationPlatforms) = postSolution
		{E46536C0-FCAD-0ACA-C191-875DCE943B77}.Debug|Any CPU.ActiveCfg = Debug|Any CPU
		{E46536C0-FCAD-0ACA-C191-875DCE943B77}.Debug|Any CPU.Build.0 = Debug|Any CPU
		{E46536C0-FCAD-0ACA-C191-875DCE943B77}.Release|Any CPU.ActiveCfg = Release|Any CPU
		{E46536C0-FCAD-0ACA-C191-875DCE943B77}.Release|Any CPU.Build.0 = Release|Any CPU
		{807E732E-18AC-EC83-C63B-FF61313D899F}.Debug|Any CPU.ActiveCfg = Debug|Any CPU
		{807E732E-18AC-EC83-C63B-FF61313D899F}.Debug|Any CPU.Build.0 = Debug|Any CPU
		{807E732E-18AC-EC83-C63B-FF61313D899F}.Release|Any CPU.ActiveCfg = Release|Any CPU
		{807E732E-18AC-EC83-C63B-FF61313D899F}.Release|Any CPU.Build.0 = Release|Any CPU
	EndGlobalSection
	GlobalSection(SolutionProperties) = preSolution
		HideSolutionNode = FALSE
	EndGlobalSection
																																		GlobalSection(MonoDevelopProperties) = preSolution
		StartupItem = Assembly-CSharp.csproj
		Policies = $0
		$0.TextStylePolicy = $1
		$1.inheritsSet = null
		$1.scope = text/x-csharp
		$0.CSharpFormattingPolicy = $2
		$2.inheritsSet = Mono
		$2.inheritsScope = text/x-csharp
		$2.scope = text/x-csharp
		$0.TextStylePolicy = $3
		$3.FileWidth = 120
		$3.TabWidth = 4
		$3.EolMarker = Unix
		$3.inheritsSet = Mono
		$3.inheritsScope = text/plain
		$3.scope = text/plain
	EndGlobalSection

EndGlobal
